
Microsoft Visual Studio Solution File, Format Version 12.00
# Visual Studio Version 17
VisualStudioVersion = 17.0.31903.59
MinimumVisualStudioVersion = 10.0.40219.1
Project("{F2A71F9B-5D33-465A-A702-920D77279786}") = "ordersSystem", "ordersSystem\ordersSystem.fsproj", "{66335821-F0EF-4BEB-87E9-B06A8DE327CB}"
EndProject
Project("{F2A71F9B-5D33-465A-A702-920D77279786}") = "ordersSystemShared", "ordersSystemShared\ordersSystemShared.fsproj", "{CE1DBF65-1455-422C-8EC7-DD9820B9028C}"
EndProject
Project("{F2A71F9B-5D33-465A-A702-920D77279786}") = "orderSystemRest", "orderSystemRest\orderSystemRest.fsproj", "{7125B809-01FA-4262-87EE-4C5CEB53B274}"
EndProject
Global
	GlobalSection(SolutionConfigurationPlatforms) = preSolution
		Debug|Any CPU = Debug|Any CPU
		Release|Any CPU = Release|Any CPU
	EndGlobalSection
	GlobalSection(SolutionProperties) = preSolution
		HideSolutionNode = FALSE
	EndGlobalSection
	GlobalSection(ProjectConfigurationPlatforms) = postSolution
		{66335821-F0EF-4BEB-87E9-B06A8DE327CB}.Debug|Any CPU.ActiveCfg = Debug|Any CPU
		{66335821-F0EF-4BEB-87E9-B06A8DE327CB}.Debug|Any CPU.Build.0 = Debug|Any CPU
		{66335821-F0EF-4BEB-87E9-B06A8DE327CB}.Release|Any CPU.ActiveCfg = Release|Any CPU
		{66335821-F0EF-4BEB-87E9-B06A8DE327CB}.Release|Any CPU.Build.0 = Release|Any CPU
		{CE1DBF65-1455-422C-8EC7-DD9820B9028C}.Debug|Any CPU.ActiveCfg = Debug|Any CPU
		{CE1DBF65-1455-422C-8EC7-DD9820B9028C}.Debug|Any CPU.Build.0 = Debug|Any CPU
		{CE1DBF65-1455-422C-8EC7-DD9820B9028C}.Release|Any CPU.ActiveCfg = Release|Any CPU
		{CE1DBF65-1455-422C-8EC7-DD9820B9028C}.Release|Any CPU.Build.0 = Release|Any CPU
		{7125B809-01FA-4262-87EE-4C5CEB53B274}.Debug|Any CPU.ActiveCfg = Debug|Any CPU
		{7125B809-01FA-4262-87EE-4C5CEB53B274}.Debug|Any CPU.Build.0 = Debug|Any CPU
		{7125B809-01FA-4262-87EE-4C5CEB53B274}.Release|Any CPU.ActiveCfg = Release|Any CPU
		{7125B809-01FA-4262-87EE-4C5CEB53B274}.Release|Any CPU.Build.0 = Release|Any CPU
	EndGlobalSection
EndGlobal
